// !$*UTF8*$!
{
	archiveVersion = 1;
	classes = {
	};
	objectVersion = 46;
	objects = {

/* Begin PBXBuildFile section */
		34D2170E6481EC62F845F009 /* Pods_Scaphold_DigitsUITests.framework in Frameworks */ = {isa = PBXBuildFile; fileRef = 6E4C90C7943EB048ABFB5F33 /* Pods_Scaphold_DigitsUITests.framework */; };
		9B4DFCB3C96B5C448E1DC26E /* Pods_Scaphold_Digits.framework in Frameworks */ = {isa = PBXBuildFile; fileRef = E59EF3206EE225B2CB919D83 /* Pods_Scaphold_Digits.framework */; };
		BF2277671D3D9FFD002EDFF8 /* AppDelegate.swift in Sources */ = {isa = PBXBuildFile; fileRef = BF2277661D3D9FFD002EDFF8 /* AppDelegate.swift */; };
		BF2277691D3D9FFD002EDFF8 /* ViewController.swift in Sources */ = {isa = PBXBuildFile; fileRef = BF2277681D3D9FFD002EDFF8 /* ViewController.swift */; };
		BF22776C1D3D9FFD002EDFF8 /* Main.storyboard in Resources */ = {isa = PBXBuildFile; fileRef = BF22776A1D3D9FFD002EDFF8 /* Main.storyboard */; };
		BF22776E1D3D9FFD002EDFF8 /* Assets.xcassets in Resources */ = {isa = PBXBuildFile; fileRef = BF22776D1D3D9FFD002EDFF8 /* Assets.xcassets */; };
		BF2277711D3D9FFD002EDFF8 /* LaunchScreen.storyboard in Resources */ = {isa = PBXBuildFile; fileRef = BF22776F1D3D9FFD002EDFF8 /* LaunchScreen.storyboard */; };
		BF22777C1D3D9FFD002EDFF8 /* Scaphold_DigitsTests.swift in Sources */ = {isa = PBXBuildFile; fileRef = BF22777B1D3D9FFD002EDFF8 /* Scaphold_DigitsTests.swift */; };
		BF2277871D3D9FFD002EDFF8 /* Scaphold_DigitsUITests.swift in Sources */ = {isa = PBXBuildFile; fileRef = BF2277861D3D9FFD002EDFF8 /* Scaphold_DigitsUITests.swift */; };
		BF6FCCF71D3E51E8008C5CF0 /* DigitsKitResources.bundle in Resources */ = {isa = PBXBuildFile; fileRef = BF6FCCF61D3E51E8008C5CF0 /* DigitsKitResources.bundle */; };
		C64F0B08FCC64275773741A0 /* Pods_Scaphold_DigitsTests.framework in Frameworks */ = {isa = PBXBuildFile; fileRef = 241077689979C271D95E40E5 /* Pods_Scaphold_DigitsTests.framework */; };
/* End PBXBuildFile section */

/* Begin PBXContainerItemProxy section */
		BF2277781D3D9FFD002EDFF8 /* PBXContainerItemProxy */ = {
			isa = PBXContainerItemProxy;
			containerPortal = BF22775B1D3D9FFD002EDFF8 /* Project object */;
			proxyType = 1;
			remoteGlobalIDString = BF2277621D3D9FFD002EDFF8;
			remoteInfo = "Scaphold-Digits";
		};
		BF2277831D3D9FFD002EDFF8 /* PBXContainerItemProxy */ = {
			isa = PBXContainerItemProxy;
			containerPortal = BF22775B1D3D9FFD002EDFF8 /* Project object */;
			proxyType = 1;
			remoteGlobalIDString = BF2277621D3D9FFD002EDFF8;
			remoteInfo = "Scaphold-Digits";
		};
/* End PBXContainerItemProxy section */

/* Begin PBXFileReference section */
		1CBDA58A80F9AD2A9F20F1C3 /* Pods-Scaphold-Digits.release.xcconfig */ = {isa = PBXFileReference; includeInIndex = 1; lastKnownFileType = text.xcconfig; name = "Pods-Scaphold-Digits.release.xcconfig"; path = "Pods/Target Support Files/Pods-Scaphold-Digits/Pods-Scaphold-Digits.release.xcconfig"; sourceTree = "<group>"; };
		241077689979C271D95E40E5 /* Pods_Scaphold_DigitsTests.framework */ = {isa = PBXFileReference; explicitFileType = wrapper.framework; includeInIndex = 0; path = Pods_Scaphold_DigitsTests.framework; sourceTree = BUILT_PRODUCTS_DIR; };
		24CE0E4190DF98FCCF1ED390 /* Pods-Scaphold-Digits.debug.xcconfig */ = {isa = PBXFileReference; includeInIndex = 1; lastKnownFileType = text.xcconfig; name = "Pods-Scaphold-Digits.debug.xcconfig"; path = "Pods/Target Support Files/Pods-Scaphold-Digits/Pods-Scaphold-Digits.debug.xcconfig"; sourceTree = "<group>"; };
		451B128C73AB301A9B0A1837 /* Pods-Scaphold-DigitsUITests.release.xcconfig */ = {isa = PBXFileReference; includeInIndex = 1; lastKnownFileType = text.xcconfig; name = "Pods-Scaphold-DigitsUITests.release.xcconfig"; path = "Pods/Target Support Files/Pods-Scaphold-DigitsUITests/Pods-Scaphold-DigitsUITests.release.xcconfig"; sourceTree = "<group>"; };
		6E4C90C7943EB048ABFB5F33 /* Pods_Scaphold_DigitsUITests.framework */ = {isa = PBXFileReference; explicitFileType = wrapper.framework; includeInIndex = 0; path = Pods_Scaphold_DigitsUITests.framework; sourceTree = BUILT_PRODUCTS_DIR; };
		73575EEFDE91E17F14CC7BAA /* Pods-Scaphold-DigitsUITests.debug.xcconfig */ = {isa = PBXFileReference; includeInIndex = 1; lastKnownFileType = text.xcconfig; name = "Pods-Scaphold-DigitsUITests.debug.xcconfig"; path = "Pods/Target Support Files/Pods-Scaphold-DigitsUITests/Pods-Scaphold-DigitsUITests.debug.xcconfig"; sourceTree = "<group>"; };
		BF2277631D3D9FFD002EDFF8 /* Scaphold-Digits.app */ = {isa = PBXFileReference; explicitFileType = wrapper.application; includeInIndex = 0; path = "Scaphold-Digits.app"; sourceTree = BUILT_PRODUCTS_DIR; };
		BF2277661D3D9FFD002EDFF8 /* AppDelegate.swift */ = {isa = PBXFileReference; lastKnownFileType = sourcecode.swift; path = AppDelegate.swift; sourceTree = "<group>"; };
		BF2277681D3D9FFD002EDFF8 /* ViewController.swift */ = {isa = PBXFileReference; lastKnownFileType = sourcecode.swift; path = ViewController.swift; sourceTree = "<group>"; };
		BF22776B1D3D9FFD002EDFF8 /* Base */ = {isa = PBXFileReference; lastKnownFileType = file.storyboard; name = Base; path = Base.lproj/Main.storyboard; sourceTree = "<group>"; };
		BF22776D1D3D9FFD002EDFF8 /* Assets.xcassets */ = {isa = PBXFileReference; lastKnownFileType = folder.assetcatalog; path = Assets.xcassets; sourceTree = "<group>"; };
		BF2277701D3D9FFD002EDFF8 /* Base */ = {isa = PBXFileReference; lastKnownFileType = file.storyboard; name = Base; path = Base.lproj/LaunchScreen.storyboard; sourceTree = "<group>"; };
		BF2277721D3D9FFD002EDFF8 /* Info.plist */ = {isa = PBXFileReference; lastKnownFileType = text.plist.xml; path = Info.plist; sourceTree = "<group>"; };
		BF2277771D3D9FFD002EDFF8 /* Scaphold-DigitsTests.xctest */ = {isa = PBXFileReference; explicitFileType = wrapper.cfbundle; includeInIndex = 0; path = "Scaphold-DigitsTests.xctest"; sourceTree = BUILT_PRODUCTS_DIR; };
		BF22777B1D3D9FFD002EDFF8 /* Scaphold_DigitsTests.swift */ = {isa = PBXFileReference; lastKnownFileType = sourcecode.swift; path = Scaphold_DigitsTests.swift; sourceTree = "<group>"; };
		BF22777D1D3D9FFD002EDFF8 /* Info.plist */ = {isa = PBXFileReference; lastKnownFileType = text.plist.xml; path = Info.plist; sourceTree = "<group>"; };
		BF2277821D3D9FFD002EDFF8 /* Scaphold-DigitsUITests.xctest */ = {isa = PBXFileReference; explicitFileType = wrapper.cfbundle; includeInIndex = 0; path = "Scaphold-DigitsUITests.xctest"; sourceTree = BUILT_PRODUCTS_DIR; };
		BF2277861D3D9FFD002EDFF8 /* Scaphold_DigitsUITests.swift */ = {isa = PBXFileReference; lastKnownFileType = sourcecode.swift; path = Scaphold_DigitsUITests.swift; sourceTree = "<group>"; };
		BF2277881D3D9FFD002EDFF8 /* Info.plist */ = {isa = PBXFileReference; lastKnownFileType = text.plist.xml; path = Info.plist; sourceTree = "<group>"; };
		BF6FCCF61D3E51E8008C5CF0 /* DigitsKitResources.bundle */ = {isa = PBXFileReference; lastKnownFileType = "wrapper.plug-in"; name = DigitsKitResources.bundle; path = Pods/Digits/iOS/DigitsKit.framework/Versions/A/Resources/DigitsKitResources.bundle; sourceTree = "<group>"; };
		CAF83145A22A4C7E4832B4E0 /* Pods-Scaphold-DigitsTests.release.xcconfig */ = {isa = PBXFileReference; includeInIndex = 1; lastKnownFileType = text.xcconfig; name = "Pods-Scaphold-DigitsTests.release.xcconfig"; path = "Pods/Target Support Files/Pods-Scaphold-DigitsTests/Pods-Scaphold-DigitsTests.release.xcconfig"; sourceTree = "<group>"; };
		CF91DEDEBD7BF8F057A95B1C /* Pods-Scaphold-DigitsTests.debug.xcconfig */ = {isa = PBXFileReference; includeInIndex = 1; lastKnownFileType = text.xcconfig; name = "Pods-Scaphold-DigitsTests.debug.xcconfig"; path = "Pods/Target Support Files/Pods-Scaphold-DigitsTests/Pods-Scaphold-DigitsTests.debug.xcconfig"; sourceTree = "<group>"; };
		E59EF3206EE225B2CB919D83 /* Pods_Scaphold_Digits.framework */ = {isa = PBXFileReference; explicitFileType = wrapper.framework; includeInIndex = 0; path = Pods_Scaphold_Digits.framework; sourceTree = BUILT_PRODUCTS_DIR; };
/* End PBXFileReference section */

/* Begin PBXFrameworksBuildPhase section */
		BF2277601D3D9FFD002EDFF8 /* Frameworks */ = {
			isa = PBXFrameworksBuildPhase;
			buildActionMask = 2147483647;
			files = (
				9B4DFCB3C96B5C448E1DC26E /* Pods_Scaphold_Digits.framework in Frameworks */,
			);
			runOnlyForDeploymentPostprocessing = 0;
		};
		BF2277741D3D9FFD002EDFF8 /* Frameworks */ = {
			isa = PBXFrameworksBuildPhase;
			buildActionMask = 2147483647;
			files = (
				C64F0B08FCC64275773741A0 /* Pods_Scaphold_DigitsTests.framework in Frameworks */,
			);
			runOnlyForDeploymentPostprocessing = 0;
		};
		BF22777F1D3D9FFD002EDFF8 /* Frameworks */ = {
			isa = PBXFrameworksBuildPhase;
			buildActionMask = 2147483647;
			files = (
				34D2170E6481EC62F845F009 /* Pods_Scaphold_DigitsUITests.framework in Frameworks */,
			);
			runOnlyForDeploymentPostprocessing = 0;
		};
/* End PBXFrameworksBuildPhase section */

/* Begin PBXGroup section */
		4E18B2C7AE1F063A99328BD9 /* Frameworks */ = {
			isa = PBXGroup;
			children = (
				E59EF3206EE225B2CB919D83 /* Pods_Scaphold_Digits.framework */,
				241077689979C271D95E40E5 /* Pods_Scaphold_DigitsTests.framework */,
				6E4C90C7943EB048ABFB5F33 /* Pods_Scaphold_DigitsUITests.framework */,
			);
			name = Frameworks;
			sourceTree = "<group>";
		};
		7F89C555960D50DC5AEE6822 /* Pods */ = {
			isa = PBXGroup;
			children = (
				24CE0E4190DF98FCCF1ED390 /* Pods-Scaphold-Digits.debug.xcconfig */,
				1CBDA58A80F9AD2A9F20F1C3 /* Pods-Scaphold-Digits.release.xcconfig */,
				CF91DEDEBD7BF8F057A95B1C /* Pods-Scaphold-DigitsTests.debug.xcconfig */,
				CAF83145A22A4C7E4832B4E0 /* Pods-Scaphold-DigitsTests.release.xcconfig */,
				73575EEFDE91E17F14CC7BAA /* Pods-Scaphold-DigitsUITests.debug.xcconfig */,
				451B128C73AB301A9B0A1837 /* Pods-Scaphold-DigitsUITests.release.xcconfig */,
			);
			name = Pods;
			sourceTree = "<group>";
		};
		BF22775A1D3D9FFD002EDFF8 = {
			isa = PBXGroup;
			children = (
				BF6FCCF61D3E51E8008C5CF0 /* DigitsKitResources.bundle */,
				BF2277651D3D9FFD002EDFF8 /* Scaphold-Digits */,
				BF22777A1D3D9FFD002EDFF8 /* Scaphold-DigitsTests */,
				BF2277851D3D9FFD002EDFF8 /* Scaphold-DigitsUITests */,
				BF2277641D3D9FFD002EDFF8 /* Products */,
				7F89C555960D50DC5AEE6822 /* Pods */,
				4E18B2C7AE1F063A99328BD9 /* Frameworks */,
			);
			sourceTree = "<group>";
		};
		BF2277641D3D9FFD002EDFF8 /* Products */ = {
			isa = PBXGroup;
			children = (
				BF2277631D3D9FFD002EDFF8 /* Scaphold-Digits.app */,
				BF2277771D3D9FFD002EDFF8 /* Scaphold-DigitsTests.xctest */,
				BF2277821D3D9FFD002EDFF8 /* Scaphold-DigitsUITests.xctest */,
			);
			name = Products;
			sourceTree = "<group>";
		};
		BF2277651D3D9FFD002EDFF8 /* Scaphold-Digits */ = {
			isa = PBXGroup;
			children = (
				BF2277661D3D9FFD002EDFF8 /* AppDelegate.swift */,
				BF2277681D3D9FFD002EDFF8 /* ViewController.swift */,
				BF22776A1D3D9FFD002EDFF8 /* Main.storyboard */,
				BF22776D1D3D9FFD002EDFF8 /* Assets.xcassets */,
				BF22776F1D3D9FFD002EDFF8 /* LaunchScreen.storyboard */,
				BF2277721D3D9FFD002EDFF8 /* Info.plist */,
			);
			path = "Scaphold-Digits";
			sourceTree = "<group>";
		};
		BF22777A1D3D9FFD002EDFF8 /* Scaphold-DigitsTests */ = {
			isa = PBXGroup;
			children = (
				BF22777B1D3D9FFD002EDFF8 /* Scaphold_DigitsTests.swift */,
				BF22777D1D3D9FFD002EDFF8 /* Info.plist */,
			);
			path = "Scaphold-DigitsTests";
			sourceTree = "<group>";
		};
		BF2277851D3D9FFD002EDFF8 /* Scaphold-DigitsUITests */ = {
			isa = PBXGroup;
			children = (
				BF2277861D3D9FFD002EDFF8 /* Scaphold_DigitsUITests.swift */,
				BF2277881D3D9FFD002EDFF8 /* Info.plist */,
			);
			path = "Scaphold-DigitsUITests";
			sourceTree = "<group>";
		};
/* End PBXGroup section */

/* Begin PBXNativeTarget section */
		BF2277621D3D9FFD002EDFF8 /* Scaphold-Digits */ = {
			isa = PBXNativeTarget;
			buildConfigurationList = BF22778B1D3D9FFD002EDFF8 /* Build configuration list for PBXNativeTarget "Scaphold-Digits" */;
			buildPhases = (
				B5E43473B3C895C4F2013D5B /* [CP] Check Pods Manifest.lock */,
				BF22775F1D3D9FFD002EDFF8 /* Sources */,
				BF2277601D3D9FFD002EDFF8 /* Frameworks */,
				BF2277611D3D9FFD002EDFF8 /* Resources */,
				1C9B98C74CCC0F98F27FE286 /* [CP] Embed Pods Frameworks */,
				78CAF8CA591C3DD401461DB3 /* [CP] Copy Pods Resources */,
				BF2277941D3DA5F3002EDFF8 /* Run Script */,
			);
			buildRules = (
			);
			dependencies = (
			);
			name = "Scaphold-Digits";
			productName = "Scaphold-Digits";
			productReference = BF2277631D3D9FFD002EDFF8 /* Scaphold-Digits.app */;
			productType = "com.apple.product-type.application";
		};
		BF2277761D3D9FFD002EDFF8 /* Scaphold-DigitsTests */ = {
			isa = PBXNativeTarget;
			buildConfigurationList = BF22778E1D3D9FFD002EDFF8 /* Build configuration list for PBXNativeTarget "Scaphold-DigitsTests" */;
			buildPhases = (
				9D5A2D4D33B5704803679025 /* [CP] Check Pods Manifest.lock */,
				BF2277731D3D9FFD002EDFF8 /* Sources */,
				BF2277741D3D9FFD002EDFF8 /* Frameworks */,
				BF2277751D3D9FFD002EDFF8 /* Resources */,
				9E3487B22A23F7938B132413 /* [CP] Embed Pods Frameworks */,
				0142E24527667B3848110BDF /* [CP] Copy Pods Resources */,
			);
			buildRules = (
			);
			dependencies = (
				BF2277791D3D9FFD002EDFF8 /* PBXTargetDependency */,
			);
			name = "Scaphold-DigitsTests";
			productName = "Scaphold-DigitsTests";
			productReference = BF2277771D3D9FFD002EDFF8 /* Scaphold-DigitsTests.xctest */;
			productType = "com.apple.product-type.bundle.unit-test";
		};
		BF2277811D3D9FFD002EDFF8 /* Scaphold-DigitsUITests */ = {
			isa = PBXNativeTarget;
			buildConfigurationList = BF2277911D3D9FFD002EDFF8 /* Build configuration list for PBXNativeTarget "Scaphold-DigitsUITests" */;
			buildPhases = (
				2F1E9E6FA35DDD288D2678E0 /* [CP] Check Pods Manifest.lock */,
				BF22777E1D3D9FFD002EDFF8 /* Sources */,
				BF22777F1D3D9FFD002EDFF8 /* Frameworks */,
				BF2277801D3D9FFD002EDFF8 /* Resources */,
				A372E2C78AE592082F134F56 /* [CP] Copy Pods Resources */,
			);
			buildRules = (
			);
			dependencies = (
				BF2277841D3D9FFD002EDFF8 /* PBXTargetDependency */,
			);
			name = "Scaphold-DigitsUITests";
			productName = "Scaphold-DigitsUITests";
			productReference = BF2277821D3D9FFD002EDFF8 /* Scaphold-DigitsUITests.xctest */;
			productType = "com.apple.product-type.bundle.ui-testing";
		};
/* End PBXNativeTarget section */

/* Begin PBXProject section */
		BF22775B1D3D9FFD002EDFF8 /* Project object */ = {
			isa = PBXProject;
			attributes = {
				LastSwiftUpdateCheck = 0710;
				LastUpgradeCheck = 0710;
				ORGANIZATIONNAME = "Scaphold, Inc.";
				TargetAttributes = {
					BF2277621D3D9FFD002EDFF8 = {
						CreatedOnToolsVersion = 7.1;
					};
					BF2277761D3D9FFD002EDFF8 = {
						CreatedOnToolsVersion = 7.1;
						TestTargetID = BF2277621D3D9FFD002EDFF8;
					};
					BF2277811D3D9FFD002EDFF8 = {
						CreatedOnToolsVersion = 7.1;
						TestTargetID = BF2277621D3D9FFD002EDFF8;
					};
				};
			};
			buildConfigurationList = BF22775E1D3D9FFD002EDFF8 /* Build configuration list for PBXProject "Scaphold-Digits" */;
			compatibilityVersion = "Xcode 3.2";
			developmentRegion = English;
			hasScannedForEncodings = 0;
			knownRegions = (
				en,
				Base,
			);
			mainGroup = BF22775A1D3D9FFD002EDFF8;
			productRefGroup = BF2277641D3D9FFD002EDFF8 /* Products */;
			projectDirPath = "";
			projectRoot = "";
			targets = (
				BF2277621D3D9FFD002EDFF8 /* Scaphold-Digits */,
				BF2277761D3D9FFD002EDFF8 /* Scaphold-DigitsTests */,
				BF2277811D3D9FFD002EDFF8 /* Scaphold-DigitsUITests */,
			);
		};
/* End PBXProject section */

/* Begin PBXResourcesBuildPhase section */
		BF2277611D3D9FFD002EDFF8 /* Resources */ = {
			isa = PBXResourcesBuildPhase;
			buildActionMask = 2147483647;
			files = (
				BF6FCCF71D3E51E8008C5CF0 /* DigitsKitResources.bundle in Resources */,
				BF2277711D3D9FFD002EDFF8 /* LaunchScreen.storyboard in Resources */,
				BF22776E1D3D9FFD002EDFF8 /* Assets.xcassets in Resources */,
				BF22776C1D3D9FFD002EDFF8 /* Main.storyboard in Resources */,
			);
			runOnlyForDeploymentPostprocessing = 0;
		};
		BF2277751D3D9FFD002EDFF8 /* Resources */ = {
			isa = PBXResourcesBuildPhase;
			buildActionMask = 2147483647;
			files = (
			);
			runOnlyForDeploymentPostprocessing = 0;
		};
		BF2277801D3D9FFD002EDFF8 /* Resources */ = {
			isa = PBXResourcesBuildPhase;
			buildActionMask = 2147483647;
			files = (
			);
			runOnlyForDeploymentPostprocessing = 0;
		};
/* End PBXResourcesBuildPhase section */

/* Begin PBXShellScriptBuildPhase section */
		0142E24527667B3848110BDF /* [CP] Copy Pods Resources */ = {
			isa = PBXShellScriptBuildPhase;
			buildActionMask = 2147483647;
			files = (
			);
			inputPaths = (
			);
			name = "[CP] Copy Pods Resources";
			outputPaths = (
			);
			runOnlyForDeploymentPostprocessing = 0;
			shellPath = /bin/sh;
			shellScript = "\"${SRCROOT}/Pods/Target Support Files/Pods-Scaphold-DigitsTests/Pods-Scaphold-DigitsTests-resources.sh\"\n";
			showEnvVarsInLog = 0;
		};
		1C9B98C74CCC0F98F27FE286 /* [CP] Embed Pods Frameworks */ = {
			isa = PBXShellScriptBuildPhase;
			buildActionMask = 2147483647;
			files = (
			);
			inputPaths = (
			);
			name = "[CP] Embed Pods Frameworks";
			outputPaths = (
			);
			runOnlyForDeploymentPostprocessing = 0;
			shellPath = /bin/sh;
			shellScript = "\"${SRCROOT}/Pods/Target Support Files/Pods-Scaphold-Digits/Pods-Scaphold-Digits-frameworks.sh\"\n";
			showEnvVarsInLog = 0;
		};
		2F1E9E6FA35DDD288D2678E0 /* [CP] Check Pods Manifest.lock */ = {
			isa = PBXShellScriptBuildPhase;
			buildActionMask = 2147483647;
			files = (
			);
			inputPaths = (
			);
			name = "[CP] Check Pods Manifest.lock";
			outputPaths = (
			);
			runOnlyForDeploymentPostprocessing = 0;
			shellPath = /bin/sh;
			shellScript = "diff \"${PODS_ROOT}/../Podfile.lock\" \"${PODS_ROOT}/Manifest.lock\" > /dev/null\nif [[ $? != 0 ]] ; then\n    cat << EOM\nerror: The sandbox is not in sync with the Podfile.lock. Run 'pod install' or update your CocoaPods installation.\nEOM\n    exit 1\nfi\n";
			showEnvVarsInLog = 0;
		};
		78CAF8CA591C3DD401461DB3 /* [CP] Copy Pods Resources */ = {
			isa = PBXShellScriptBuildPhase;
			buildActionMask = 2147483647;
			files = (
			);
			inputPaths = (
			);
			name = "[CP] Copy Pods Resources";
			outputPaths = (
			);
			runOnlyForDeploymentPostprocessing = 0;
			shellPath = /bin/sh;
			shellScript = "\"${SRCROOT}/Pods/Target Support Files/Pods-Scaphold-Digits/Pods-Scaphold-Digits-resources.sh\"\n";
			showEnvVarsInLog = 0;
		};
		9D5A2D4D33B5704803679025 /* [CP] Check Pods Manifest.lock */ = {
			isa = PBXShellScriptBuildPhase;
			buildActionMask = 2147483647;
			files = (
			);
			inputPaths = (
			);
			name = "[CP] Check Pods Manifest.lock";
			outputPaths = (
			);
			runOnlyForDeploymentPostprocessing = 0;
			shellPath = /bin/sh;
			shellScript = "diff \"${PODS_ROOT}/../Podfile.lock\" \"${PODS_ROOT}/Manifest.lock\" > /dev/null\nif [[ $? != 0 ]] ; then\n    cat << EOM\nerror: The sandbox is not in sync with the Podfile.lock. Run 'pod install' or update your CocoaPods installation.\nEOM\n    exit 1\nfi\n";
			showEnvVarsInLog = 0;
		};
		9E3487B22A23F7938B132413 /* [CP] Embed Pods Frameworks */ = {
			isa = PBXShellScriptBuildPhase;
			buildActionMask = 2147483647;
			files = (
			);
			inputPaths = (
			);
			name = "[CP] Embed Pods Frameworks";
			outputPaths = (
			);
			runOnlyForDeploymentPostprocessing = 0;
			shellPath = /bin/sh;
			shellScript = "\"${SRCROOT}/Pods/Target Support Files/Pods-Scaphold-DigitsTests/Pods-Scaphold-DigitsTests-frameworks.sh\"\n";
			showEnvVarsInLog = 0;
		};
		A372E2C78AE592082F134F56 /* [CP] Copy Pods Resources */ = {
			isa = PBXShellScriptBuildPhase;
			buildActionMask = 2147483647;
			files = (
			);
			inputPaths = (
			);
			name = "[CP] Copy Pods Resources";
			outputPaths = (
			);
			runOnlyForDeploymentPostprocessing = 0;
			shellPath = /bin/sh;
			shellScript = "\"${SRCROOT}/Pods/Target Support Files/Pods-Scaphold-DigitsUITests/Pods-Scaphold-DigitsUITests-resources.sh\"\n";
			showEnvVarsInLog = 0;
		};
		B5E43473B3C895C4F2013D5B /* [CP] Check Pods Manifest.lock */ = {
			isa = PBXShellScriptBuildPhase;
			buildActionMask = 2147483647;
			files = (
			);
			inputPaths = (
			);
			name = "[CP] Check Pods Manifest.lock";
			outputPaths = (
			);
			runOnlyForDeploymentPostprocessing = 0;
			shellPath = /bin/sh;
			shellScript = "diff \"${PODS_ROOT}/../Podfile.lock\" \"${PODS_ROOT}/Manifest.lock\" > /dev/null\nif [[ $? != 0 ]] ; then\n    cat << EOM\nerror: The sandbox is not in sync with the Podfile.lock. Run 'pod install' or update your CocoaPods installation.\nEOM\n    exit 1\nfi\n";
			showEnvVarsInLog = 0;
		};
		BF2277941D3DA5F3002EDFF8 /* Run Script */ = {
			isa = PBXShellScriptBuildPhase;
			buildActionMask = 12;
			files = (
			);
			inputPaths = (
			);
			name = "Run Script";
			outputPaths = (
			);
			runOnlyForDeploymentPostprocessing = 0;
			shellPath = /bin/sh;
			shellScript = "./Fabric.framework/run cfe2f8c939b9cf091d78ec1d977815f85fdc9afb d6ca5004be0cea1bf67404a774da7c354ed02c0195e2db5c4a120540ed8ce54a";
		};
/* End PBXShellScriptBuildPhase section */

/* Begin PBXSourcesBuildPhase section */
		BF22775F1D3D9FFD002EDFF8 /* Sources */ = {
			isa = PBXSourcesBuildPhase;
			buildActionMask = 2147483647;
			files = (
				BF2277691D3D9FFD002EDFF8 /* ViewController.swift in Sources */,
				BF2277671D3D9FFD002EDFF8 /* AppDelegate.swift in Sources */,
			);
			runOnlyForDeploymentPostprocessing = 0;
		};
		BF2277731D3D9FFD002EDFF8 /* Sources */ = {
			isa = PBXSourcesBuildPhase;
			buildActionMask = 2147483647;
			files = (
				BF22777C1D3D9FFD002EDFF8 /* Scaphold_DigitsTests.swift in Sources */,
			);
			runOnlyForDeploymentPostprocessing = 0;
		};
		BF22777E1D3D9FFD002EDFF8 /* Sources */ = {
			isa = PBXSourcesBuildPhase;
			buildActionMask = 2147483647;
			files = (
				BF2277871D3D9FFD002EDFF8 /* Scaphold_DigitsUITests.swift in Sources */,
			);
			runOnlyForDeploymentPostprocessing = 0;
		};
/* End PBXSourcesBuildPhase section */

/* Begin PBXTargetDependency section */
		BF2277791D3D9FFD002EDFF8 /* PBXTargetDependency */ = {
			isa = PBXTargetDependency;
			target = BF2277621D3D9FFD002EDFF8 /* Scaphold-Digits */;
			targetProxy = BF2277781D3D9FFD002EDFF8 /* PBXContainerItemProxy */;
		};
		BF2277841D3D9FFD002EDFF8 /* PBXTargetDependency */ = {
			isa = PBXTargetDependency;
			target = BF2277621D3D9FFD002EDFF8 /* Scaphold-Digits */;
			targetProxy = BF2277831D3D9FFD002EDFF8 /* PBXContainerItemProxy */;
		};
/* End PBXTargetDependency section */

/* Begin PBXVariantGroup section */
		BF22776A1D3D9FFD002EDFF8 /* Main.storyboard */ = {
			isa = PBXVariantGroup;
			children = (
				BF22776B1D3D9FFD002EDFF8 /* Base */,
			);
			name = Main.storyboard;
			sourceTree = "<group>";
		};
		BF22776F1D3D9FFD002EDFF8 /* LaunchScreen.storyboard */ = {
			isa = PBXVariantGroup;
			children = (
				BF2277701D3D9FFD002EDFF8 /* Base */,
			);
			name = LaunchScreen.storyboard;
			sourceTree = "<group>";
		};
/* End PBXVariantGroup section */

/* Begin XCBuildConfiguration section */
		BF2277891D3D9FFD002EDFF8 /* Debug */ = {
			isa = XCBuildConfiguration;
			buildSettings = {
				ALWAYS_SEARCH_USER_PATHS = NO;
				CLANG_CXX_LANGUAGE_STANDARD = "gnu++0x";
				CLANG_CXX_LIBRARY = "libc++";
				CLANG_ENABLE_MODULES = YES;
				CLANG_ENABLE_OBJC_ARC = YES;
				CLANG_WARN_BOOL_CONVERSION = YES;
				CLANG_WARN_CONSTANT_CONVERSION = YES;
				CLANG_WARN_DIRECT_OBJC_ISA_USAGE = YES_ERROR;
				CLANG_WARN_EMPTY_BODY = YES;
				CLANG_WARN_ENUM_CONVERSION = YES;
				CLANG_WARN_INT_CONVERSION = YES;
				CLANG_WARN_OBJC_ROOT_CLASS = YES_ERROR;
				CLANG_WARN_UNREACHABLE_CODE = YES;
				CLANG_WARN__DUPLICATE_METHOD_MATCH = YES;
				"CODE_SIGN_IDENTITY[sdk=iphoneos*]" = "iPhone Developer";
				COPY_PHASE_STRIP = NO;
				DEBUG_INFORMATION_FORMAT = dwarf;
				ENABLE_STRICT_OBJC_MSGSEND = YES;
				ENABLE_TESTABILITY = YES;
				GCC_C_LANGUAGE_STANDARD = gnu99;
				GCC_DYNAMIC_NO_PIC = NO;
				GCC_NO_COMMON_BLOCKS = YES;
				GCC_OPTIMIZATION_LEVEL = 0;
				GCC_PREPROCESSOR_DEFINITIONS = (
					"DEBUG=1",
					"$(inherited)",
				);
				GCC_WARN_64_TO_32_BIT_CONVERSION = YES;
				GCC_WARN_ABOUT_RETURN_TYPE = YES_ERROR;
				GCC_WARN_UNDECLARED_SELECTOR = YES;
				GCC_WARN_UNINITIALIZED_AUTOS = YES_AGGRESSIVE;
				GCC_WARN_UNUSED_FUNCTION = YES;
				GCC_WARN_UNUSED_VARIABLE = YES;
				IPHONEOS_DEPLOYMENT_TARGET = 9.1;
				MTL_ENABLE_DEBUG_INFO = YES;
				ONLY_ACTIVE_ARCH = YES;
				SDKROOT = iphoneos;
				SWIFT_OPTIMIZATION_LEVEL = "-Onone";
				TARGETED_DEVICE_FAMILY = "1,2";
			};
			name = Debug;
		};
		BF22778A1D3D9FFD002EDFF8 /* Release */ = {
			isa = XCBuildConfiguration;
			buildSettings = {
				ALWAYS_SEARCH_USER_PATHS = NO;
				CLANG_CXX_LANGUAGE_STANDARD = "gnu++0x";
				CLANG_CXX_LIBRARY = "libc++";
				CLANG_ENABLE_MODULES = YES;
				CLANG_ENABLE_OBJC_ARC = YES;
				CLANG_WARN_BOOL_CONVERSION = YES;
				CLANG_WARN_CONSTANT_CONVERSION = YES;
				CLANG_WARN_DIRECT_OBJC_ISA_USAGE = YES_ERROR;
				CLANG_WARN_EMPTY_BODY = YES;
				CLANG_WARN_ENUM_CONVERSION = YES;
				CLANG_WARN_INT_CONVERSION = YES;
				CLANG_WARN_OBJC_ROOT_CLASS = YES_ERROR;
				CLANG_WARN_UNREACHABLE_CODE = YES;
				CLANG_WARN__DUPLICATE_METHOD_MATCH = YES;
				"CODE_SIGN_IDENTITY[sdk=iphoneos*]" = "iPhone Developer";
				COPY_PHASE_STRIP = NO;
				DEBUG_INFORMATION_FORMAT = "dwarf-with-dsym";
				ENABLE_NS_ASSERTIONS = NO;
				ENABLE_STRICT_OBJC_MSGSEND = YES;
				GCC_C_LANGUAGE_STANDARD = gnu99;
				GCC_NO_COMMON_BLOCKS = YES;
				GCC_WARN_64_TO_32_BIT_CONVERSION = YES;
				GCC_WARN_ABOUT_RETURN_TYPE = YES_ERROR;
				GCC_WARN_UNDECLARED_SELECTOR = YES;
				GCC_WARN_UNINITIALIZED_AUTOS = YES_AGGRESSIVE;
				GCC_WARN_UNUSED_FUNCTION = YES;
				GCC_WARN_UNUSED_VARIABLE = YES;
				IPHONEOS_DEPLOYMENT_TARGET = 9.1;
				MTL_ENABLE_DEBUG_INFO = NO;
				SDKROOT = iphoneos;
				TARGETED_DEVICE_FAMILY = "1,2";
				VALIDATE_PRODUCT = YES;
			};
			name = Release;
		};
		BF22778C1D3D9FFD002EDFF8 /* Debug */ = {
			isa = XCBuildConfiguration;
			baseConfigurationReference = 24CE0E4190DF98FCCF1ED390 /* Pods-Scaphold-Digits.debug.xcconfig */;
			buildSettings = {
				ASSETCATALOG_COMPILER_APPICON_NAME = AppIcon;
				DEBUG_INFORMATION_FORMAT = "dwarf-with-dsym";
				INFOPLIST_FILE = "Scaphold-Digits/Info.plist";
				LD_RUNPATH_SEARCH_PATHS = "$(inherited) @executable_path/Frameworks";
				PRODUCT_BUNDLE_IDENTIFIER = "vincent.ning.Scaphold-Digits";
				PRODUCT_NAME = "$(TARGET_NAME)";
			};
			name = Debug;
		};
		BF22778D1D3D9FFD002EDFF8 /* Release */ = {
			isa = XCBuildConfiguration;
			baseConfigurationReference = 1CBDA58A80F9AD2A9F20F1C3 /* Pods-Scaphold-Digits.release.xcconfig */;
			buildSettings = {
				ASSETCATALOG_COMPILER_APPICON_NAME = AppIcon;
				DEBUG_INFORMATION_FORMAT = "dwarf-with-dsym";
				INFOPLIST_FILE = "Scaphold-Digits/Info.plist";
				LD_RUNPATH_SEARCH_PATHS = "$(inherited) @executable_path/Frameworks";
				PRODUCT_BUNDLE_IDENTIFIER = "vincent.ning.Scaphold-Digits";
				PRODUCT_NAME = "$(TARGET_NAME)";
			};
			name = Release;
		};
		BF22778F1D3D9FFD002EDFF8 /* Debug */ = {
			isa = XCBuildConfiguration;
			baseConfigurationReference = CF91DEDEBD7BF8F057A95B1C /* Pods-Scaphold-DigitsTests.debug.xcconfig */;
			buildSettings = {
				BUNDLE_LOADER = "$(TEST_HOST)";
				INFOPLIST_FILE = "Scaphold-DigitsTests/Info.plist";
				LD_RUNPATH_SEARCH_PATHS = "$(inherited) @executable_path/Frameworks @loader_path/Frameworks";
				PRODUCT_BUNDLE_IDENTIFIER = "vincent.ning.Scaphold-DigitsTests";
				PRODUCT_NAME = "$(TARGET_NAME)";
				TEST_HOST = "$(BUILT_PRODUCTS_DIR)/Scaphold-Digits.app/Scaphold-Digits";
			};
			name = Debug;
		};
		BF2277901D3D9FFD002EDFF8 /* Release */ = {
			isa = XCBuildConfiguration;
			baseConfigurationReference = CAF83145A22A4C7E4832B4E0 /* Pods-Scaphold-DigitsTests.release.xcconfig */;
			buildSettings = {
				BUNDLE_LOADER = "$(TEST_HOST)";
				INFOPLIST_FILE = "Scaphold-DigitsTests/Info.plist";
				LD_RUNPATH_SEARCH_PATHS = "$(inherited) @executable_path/Frameworks @loader_path/Frameworks";
				PRODUCT_BUNDLE_IDENTIFIER = "vincent.ning.Scaphold-DigitsTests";
				PRODUCT_NAME = "$(TARGET_NAME)";
				TEST_HOST = "$(BUILT_PRODUCTS_DIR)/Scaphold-Digits.app/Scaphold-Digits";
			};
			name = Release;
		};
		BF2277921D3D9FFD002EDFF8 /* Debug */ = {
			isa = XCBuildConfiguration;
			baseConfigurationReference = 73575EEFDE91E17F14CC7BAA /* Pods-Scaphold-DigitsUITests.debug.xcconfig */;
			buildSettings = {
				INFOPLIST_FILE = "Scaphold-DigitsUITests/Info.plist";
				LD_RUNPATH_SEARCH_PATHS = "$(inherited) @executable_path/Frameworks @loader_path/Frameworks";
				PRODUCT_BUNDLE_IDENTIFIER = "vincent.ning.Scaphold-DigitsUITests";
				PRODUCT_NAME = "$(TARGET_NAME)";
				TEST_TARGET_NAME = "Scaphold-Digits";
				USES_XCTRUNNER = YES;
			};
			name = Debug;
		};
		BF2277931D3D9FFD002EDFF8 /* Release */ = {
			isa = XCBuildConfiguration;
			baseConfigurationReference = 451B128C73AB301A9B0A1837 /* Pods-Scaphold-DigitsUITests.release.xcconfig */;
			buildSettings = {
				INFOPLIST_FILE = "Scaphold-DigitsUITests/Info.plist";
				LD_RUNPATH_SEARCH_PATHS = "$(inherited) @executable_path/Frameworks @loader_path/Frameworks";
				PRODUCT_BUNDLE_IDENTIFIER = "vincent.ning.Scaphold-DigitsUITests";
				PRODUCT_NAME = "$(TARGET_NAME)";
				TEST_TARGET_NAME = "Scaphold-Digits";
				USES_XCTRUNNER = YES;
			};
			name = Release;
		};
/* End XCBuildConfiguration section */

/* Begin XCConfigurationList section */
		BF22775E1D3D9FFD002EDFF8 /* Build configuration list for PBXProject "Scaphold-Digits" */ = {
			isa = XCConfigurationList;
			buildConfigurations = (
				BF2277891D3D9FFD002EDFF8 /* Debug */,
				BF22778A1D3D9FFD002EDFF8 /* Release */,
			);
			defaultConfigurationIsVisible = 0;
			defaultConfigurationName = Release;
		};
		BF22778B1D3D9FFD002EDFF8 /* Build configuration list for PBXNativeTarget "Scaphold-Digits" */ = {
			isa = XCConfigurationList;
			buildConfigurations = (
				BF22778C1D3D9FFD002EDFF8 /* Debug */,
				BF22778D1D3D9FFD002EDFF8 /* Release */,
			);
			defaultConfigurationIsVisible = 0;
			defaultConfigurationName = Release;
		};
		BF22778E1D3D9FFD002EDFF8 /* Build configuration list for PBXNativeTarget "Scaphold-DigitsTests" */ = {
			isa = XCConfigurationList;
			buildConfigurations = (
				BF22778F1D3D9FFD002EDFF8 /* Debug */,
				BF2277901D3D9FFD002EDFF8 /* Release */,
			);
			defaultConfigurationIsVisible = 0;
			defaultConfigurationName = Release;
		};
		BF2277911D3D9FFD002EDFF8 /* Build configuration list for PBXNativeTarget "Scaphold-DigitsUITests" */ = {
			isa = XCConfigurationList;
			buildConfigurations = (
				BF2277921D3D9FFD002EDFF8 /* Debug */,
				BF2277931D3D9FFD002EDFF8 /* Release */,
			);
			defaultConfigurationIsVisible = 0;
			defaultConfigurationName = Release;
		};
/* End XCConfigurationList section */
	};
	rootObject = BF22775B1D3D9FFD002EDFF8 /* Project object */;
}
